// !$*UTF8*$!
{
	archiveVersion = 1;
	classes = {
	};
	objectVersion = 46;
	objects = {

/* Begin PBXBuildFile section */
		70106CBE1E20E7970086C1B1 /* FancyView.swift in Sources */ = {isa = PBXBuildFile; fileRef = 70106CBD1E20E7970086C1B1 /* FancyView.swift */; };
		70106CC11E20E9CD0086C1B1 /* Constants.swift in Sources */ = {isa = PBXBuildFile; fileRef = 70106CC01E20E9CD0086C1B1 /* Constants.swift */; };
		70106CC31E20EC670086C1B1 /* RoundBtn.swift in Sources */ = {isa = PBXBuildFile; fileRef = 70106CC21E20EC670086C1B1 /* RoundBtn.swift */; };
		70106CC51E20EEB50086C1B1 /* FancyField.swift in Sources */ = {isa = PBXBuildFile; fileRef = 70106CC41E20EEB50086C1B1 /* FancyField.swift */; };
		70106CC71E20F07C0086C1B1 /* FancyBtn.swift in Sources */ = {isa = PBXBuildFile; fileRef = 70106CC61E20F07C0086C1B1 /* FancyBtn.swift */; };
		706101871E207A1A00924B33 /* AppDelegate.swift in Sources */ = {isa = PBXBuildFile; fileRef = 706101861E207A1A00924B33 /* AppDelegate.swift */; };
		706101891E207A1A00924B33 /* SignInVC.swift in Sources */ = {isa = PBXBuildFile; fileRef = 706101881E207A1A00924B33 /* SignInVC.swift */; };
		7061018C1E207A1A00924B33 /* Main.storyboard in Resources */ = {isa = PBXBuildFile; fileRef = 7061018A1E207A1A00924B33 /* Main.storyboard */; };
		7061018E1E207A1A00924B33 /* Assets.xcassets in Resources */ = {isa = PBXBuildFile; fileRef = 7061018D1E207A1A00924B33 /* Assets.xcassets */; };
		706101911E207A1A00924B33 /* LaunchScreen.storyboard in Resources */ = {isa = PBXBuildFile; fileRef = 7061018F1E207A1A00924B33 /* LaunchScreen.storyboard */; };
		706101991E207B9D00924B33 /* GoogleService-Info.plist in Resources */ = {isa = PBXBuildFile; fileRef = 706101981E207B9D00924B33 /* GoogleService-Info.plist */; };
		ABCB8536B732B75F13FDB5BC /* Pods_Social.framework in Frameworks */ = {isa = PBXBuildFile; fileRef = E21D0B6DADC60985036D4EA7 /* Pods_Social.framework */; };
/* End PBXBuildFile section */

/* Begin PBXFileReference section */
		153C6A3E75F3DFEC50F5564E /* Pods-Social.debug.xcconfig */ = {isa = PBXFileReference; includeInIndex = 1; lastKnownFileType = text.xcconfig; name = "Pods-Social.debug.xcconfig"; path = "Pods/Target Support Files/Pods-Social/Pods-Social.debug.xcconfig"; sourceTree = "<group>"; };
		70106CBD1E20E7970086C1B1 /* FancyView.swift */ = {isa = PBXFileReference; fileEncoding = 4; lastKnownFileType = sourcecode.swift; path = FancyView.swift; sourceTree = "<group>"; };
		70106CC01E20E9CD0086C1B1 /* Constants.swift */ = {isa = PBXFileReference; fileEncoding = 4; lastKnownFileType = sourcecode.swift; path = Constants.swift; sourceTree = "<group>"; };
		70106CC21E20EC670086C1B1 /* RoundBtn.swift */ = {isa = PBXFileReference; fileEncoding = 4; lastKnownFileType = sourcecode.swift; path = RoundBtn.swift; sourceTree = "<group>"; };
		70106CC41E20EEB50086C1B1 /* FancyField.swift */ = {isa = PBXFileReference; fileEncoding = 4; lastKnownFileType = sourcecode.swift; path = FancyField.swift; sourceTree = "<group>"; };
		70106CC61E20F07C0086C1B1 /* FancyBtn.swift */ = {isa = PBXFileReference; fileEncoding = 4; lastKnownFileType = sourcecode.swift; path = FancyBtn.swift; sourceTree = "<group>"; };
		706101831E207A1A00924B33 /* Social.app */ = {isa = PBXFileReference; explicitFileType = wrapper.application; includeInIndex = 0; path = Social.app; sourceTree = BUILT_PRODUCTS_DIR; };
		706101861E207A1A00924B33 /* AppDelegate.swift */ = {isa = PBXFileReference; lastKnownFileType = sourcecode.swift; path = AppDelegate.swift; sourceTree = "<group>"; };
		706101881E207A1A00924B33 /* SignInVC.swift */ = {isa = PBXFileReference; lastKnownFileType = sourcecode.swift; path = SignInVC.swift; sourceTree = "<group>"; };
		7061018B1E207A1A00924B33 /* Base */ = {isa = PBXFileReference; lastKnownFileType = file.storyboard; name = Base; path = Base.lproj/Main.storyboard; sourceTree = "<group>"; };
		7061018D1E207A1A00924B33 /* Assets.xcassets */ = {isa = PBXFileReference; lastKnownFileType = folder.assetcatalog; path = Assets.xcassets; sourceTree = "<group>"; };
		706101901E207A1A00924B33 /* Base */ = {isa = PBXFileReference; lastKnownFileType = file.storyboard; name = Base; path = Base.lproj/LaunchScreen.storyboard; sourceTree = "<group>"; };
		706101921E207A1A00924B33 /* Info.plist */ = {isa = PBXFileReference; lastKnownFileType = text.plist.xml; path = Info.plist; sourceTree = "<group>"; };
		706101981E207B9D00924B33 /* GoogleService-Info.plist */ = {isa = PBXFileReference; fileEncoding = 4; lastKnownFileType = text.plist.xml; path = "GoogleService-Info.plist"; sourceTree = "<group>"; };
		8DA9232DA583FACB98EB5AA0 /* Pods-Social.release.xcconfig */ = {isa = PBXFileReference; includeInIndex = 1; lastKnownFileType = text.xcconfig; name = "Pods-Social.release.xcconfig"; path = "Pods/Target Support Files/Pods-Social/Pods-Social.release.xcconfig"; sourceTree = "<group>"; };
		E21D0B6DADC60985036D4EA7 /* Pods_Social.framework */ = {isa = PBXFileReference; explicitFileType = wrapper.framework; includeInIndex = 0; path = Pods_Social.framework; sourceTree = BUILT_PRODUCTS_DIR; };
/* End PBXFileReference section */

/* Begin PBXFrameworksBuildPhase section */
		706101801E207A1A00924B33 /* Frameworks */ = {
			isa = PBXFrameworksBuildPhase;
			buildActionMask = 2147483647;
			files = (
				ABCB8536B732B75F13FDB5BC /* Pods_Social.framework in Frameworks */,
			);
			runOnlyForDeploymentPostprocessing = 0;
		};
/* End PBXFrameworksBuildPhase section */

/* Begin PBXGroup section */
		70106CBF1E20E9B60086C1B1 /* Util */ = {
			isa = PBXGroup;
			children = (
				70106CC01E20E9CD0086C1B1 /* Constants.swift */,
			);
			name = Util;
			sourceTree = "<group>";
		};
		7061017A1E207A1A00924B33 = {
			isa = PBXGroup;
			children = (
				706101851E207A1A00924B33 /* Social */,
				706101841E207A1A00924B33 /* Products */,
				82A066DDF21DEDD0C9D88E9E /* Pods */,
				E95403CAEA146CC58C8D59A1 /* Frameworks */,
			);
			sourceTree = "<group>";
		};
		706101841E207A1A00924B33 /* Products */ = {
			isa = PBXGroup;
			children = (
				706101831E207A1A00924B33 /* Social.app */,
			);
			name = Products;
			sourceTree = "<group>";
		};
		706101851E207A1A00924B33 /* Social */ = {
			isa = PBXGroup;
			children = (
				7061019A1E207E3900924B33 /* Model */,
				70106CBF1E20E9B60086C1B1 /* Util */,
				7061019C1E207E5700924B33 /* Controller */,
				7061019B1E207E4F00924B33 /* View */,
				7061018A1E207A1A00924B33 /* Main.storyboard */,
				706101861E207A1A00924B33 /* AppDelegate.swift */,
				7061018F1E207A1A00924B33 /* LaunchScreen.storyboard */,
				7061018D1E207A1A00924B33 /* Assets.xcassets */,
				706101921E207A1A00924B33 /* Info.plist */,
				706101981E207B9D00924B33 /* GoogleService-Info.plist */,
			);
			path = Social;
			sourceTree = "<group>";
		};
		7061019A1E207E3900924B33 /* Model */ = {
			isa = PBXGroup;
			children = (
			);
			name = Model;
			sourceTree = "<group>";
		};
		7061019B1E207E4F00924B33 /* View */ = {
			isa = PBXGroup;
			children = (
				70106CBD1E20E7970086C1B1 /* FancyView.swift */,
				70106CC21E20EC670086C1B1 /* RoundBtn.swift */,
				70106CC41E20EEB50086C1B1 /* FancyField.swift */,
				70106CC61E20F07C0086C1B1 /* FancyBtn.swift */,
			);
			name = View;
			sourceTree = "<group>";
		};
		7061019C1E207E5700924B33 /* Controller */ = {
			isa = PBXGroup;
			children = (
				706101881E207A1A00924B33 /* SignInVC.swift */,
			);
			name = Controller;
			sourceTree = "<group>";
		};
		82A066DDF21DEDD0C9D88E9E /* Pods */ = {
			isa = PBXGroup;
			children = (
				153C6A3E75F3DFEC50F5564E /* Pods-Social.debug.xcconfig */,
				8DA9232DA583FACB98EB5AA0 /* Pods-Social.release.xcconfig */,
			);
			name = Pods;
			sourceTree = "<group>";
		};
		E95403CAEA146CC58C8D59A1 /* Frameworks */ = {
			isa = PBXGroup;
			children = (
				E21D0B6DADC60985036D4EA7 /* Pods_Social.framework */,
			);
			name = Frameworks;
			sourceTree = "<group>";
		};
/* End PBXGroup section */

/* Begin PBXNativeTarget section */
		706101821E207A1A00924B33 /* Social */ = {
			isa = PBXNativeTarget;
			buildConfigurationList = 706101951E207A1A00924B33 /* Build configuration list for PBXNativeTarget "Social" */;
			buildPhases = (
				5F3058C0EB71A6B4075C9C5A /* [CP] Check Pods Manifest.lock */,
				7061017F1E207A1A00924B33 /* Sources */,
				706101801E207A1A00924B33 /* Frameworks */,
				706101811E207A1A00924B33 /* Resources */,
				558A96356E1851C8606A5AF5 /* [CP] Embed Pods Frameworks */,
				D901097A978A62F15BAB1B26 /* [CP] Copy Pods Resources */,
			);
			buildRules = (
			);
			dependencies = (
			);
			name = Social;
			productName = Social;
			productReference = 706101831E207A1A00924B33 /* Social.app */;
			productType = "com.apple.product-type.application";
		};
/* End PBXNativeTarget section */

/* Begin PBXProject section */
		7061017B1E207A1A00924B33 /* Project object */ = {
			isa = PBXProject;
			attributes = {
				LastSwiftUpdateCheck = 0800;
				LastUpgradeCheck = 0800;
				ORGANIZATIONNAME = "Jonathan Pitt";
				TargetAttributes = {
					706101821E207A1A00924B33 = {
						CreatedOnToolsVersion = 8.0;
						DevelopmentTeam = HZHJYREN7K;
						ProvisioningStyle = Automatic;
					};
				};
			};
			buildConfigurationList = 7061017E1E207A1A00924B33 /* Build configuration list for PBXProject "Social" */;
			compatibilityVersion = "Xcode 3.2";
			developmentRegion = English;
			hasScannedForEncodings = 0;
			knownRegions = (
				en,
				Base,
			);
			mainGroup = 7061017A1E207A1A00924B33;
			productRefGroup = 706101841E207A1A00924B33 /* Products */;
			projectDirPath = "";
			projectRoot = "";
			targets = (
				706101821E207A1A00924B33 /* Social */,
			);
		};
/* End PBXProject section */

/* Begin PBXResourcesBuildPhase section */
		706101811E207A1A00924B33 /* Resources */ = {
			isa = PBXResourcesBuildPhase;
			buildActionMask = 2147483647;
			files = (
				706101911E207A1A00924B33 /* LaunchScreen.storyboard in Resources */,
				706101991E207B9D00924B33 /* GoogleService-Info.plist in Resources */,
				7061018E1E207A1A00924B33 /* Assets.xcassets in Resources */,
				7061018C1E207A1A00924B33 /* Main.storyboard in Resources */,
			);
			runOnlyForDeploymentPostprocessing = 0;
		};
/* End PBXResourcesBuildPhase section */

/* Begin PBXShellScriptBuildPhase section */
		558A96356E1851C8606A5AF5 /* [CP] Embed Pods Frameworks */ = {
			isa = PBXShellScriptBuildPhase;
			buildActionMask = 2147483647;
			files = (
			);
			inputPaths = (
			);
			name = "[CP] Embed Pods Frameworks";
			outputPaths = (
			);
			runOnlyForDeploymentPostprocessing = 0;
			shellPath = /bin/sh;
			shellScript = "\"${SRCROOT}/Pods/Target Support Files/Pods-Social/Pods-Social-frameworks.sh\"\n";
			showEnvVarsInLog = 0;
		};
		5F3058C0EB71A6B4075C9C5A /* [CP] Check Pods Manifest.lock */ = {
			isa = PBXShellScriptBuildPhase;
			buildActionMask = 2147483647;
			files = (
			);
			inputPaths = (
			);
			name = "[CP] Check Pods Manifest.lock";
			outputPaths = (
			);
			runOnlyForDeploymentPostprocessing = 0;
			shellPath = /bin/sh;
			shellScript = "diff \"${PODS_ROOT}/../Podfile.lock\" \"${PODS_ROOT}/Manifest.lock\" > /dev/null\nif [ $? != 0 ] ; then\n    # print error to STDERR\n    echo \"error: The sandbox is not in sync with the Podfile.lock. Run 'pod install' or update your CocoaPods installation.\" >&2\n    exit 1\nfi\n";
			showEnvVarsInLog = 0;
		};
		D901097A978A62F15BAB1B26 /* [CP] Copy Pods Resources */ = {
			isa = PBXShellScriptBuildPhase;
			buildActionMask = 2147483647;
			files = (
			);
			inputPaths = (
			);
			name = "[CP] Copy Pods Resources";
			outputPaths = (
			);
			runOnlyForDeploymentPostprocessing = 0;
			shellPath = /bin/sh;
			shellScript = "\"${SRCROOT}/Pods/Target Support Files/Pods-Social/Pods-Social-resources.sh\"\n";
			showEnvVarsInLog = 0;
		};
/* End PBXShellScriptBuildPhase section */

/* Begin PBXSourcesBuildPhase section */
		7061017F1E207A1A00924B33 /* Sources */ = {
			isa = PBXSourcesBuildPhase;
			buildActionMask = 2147483647;
			files = (
				70106CC51E20EEB50086C1B1 /* FancyField.swift in Sources */,
				706101891E207A1A00924B33 /* SignInVC.swift in Sources */,
				70106CC31E20EC670086C1B1 /* RoundBtn.swift in Sources */,
				706101871E207A1A00924B33 /* AppDelegate.swift in Sources */,
				70106CBE1E20E7970086C1B1 /* FancyView.swift in Sources */,
				70106CC11E20E9CD0086C1B1 /* Constants.swift in Sources */,
				70106CC71E20F07C0086C1B1 /* FancyBtn.swift in Sources */,
			);
			runOnlyForDeploymentPostprocessing = 0;
		};
/* End PBXSourcesBuildPhase section */

/* Begin PBXVariantGroup section */
		7061018A1E207A1A00924B33 /* Main.storyboard */ = {
			isa = PBXVariantGroup;
			children = (
				7061018B1E207A1A00924B33 /* Base */,
			);
			name = Main.storyboard;
			sourceTree = "<group>";
		};
		7061018F1E207A1A00924B33 /* LaunchScreen.storyboard */ = {
			isa = PBXVariantGroup;
			children = (
				706101901E207A1A00924B33 /* Base */,
			);
			name = LaunchScreen.storyboard;
			sourceTree = "<group>";
		};
/* End PBXVariantGroup section */

/* Begin XCBuildConfiguration section */
		706101931E207A1A00924B33 /* Debug */ = {
			isa = XCBuildConfiguration;
			buildSettings = {
				ALWAYS_SEARCH_USER_PATHS = NO;
				CLANG_ANALYZER_NONNULL = YES;
				CLANG_CXX_LANGUAGE_STANDARD = "gnu++0x";
				CLANG_CXX_LIBRARY = "libc++";
				CLANG_ENABLE_MODULES = YES;
				CLANG_ENABLE_OBJC_ARC = YES;
				CLANG_WARN_BOOL_CONVERSION = YES;
				CLANG_WARN_CONSTANT_CONVERSION = YES;
				CLANG_WARN_DIRECT_OBJC_ISA_USAGE = YES_ERROR;
				CLANG_WARN_DOCUMENTATION_COMMENTS = YES;
				CLANG_WARN_EMPTY_BODY = YES;
				CLANG_WARN_ENUM_CONVERSION = YES;
				CLANG_WARN_INFINITE_RECURSION = YES;
				CLANG_WARN_INT_CONVERSION = YES;
				CLANG_WARN_OBJC_ROOT_CLASS = YES_ERROR;
				CLANG_WARN_SUSPICIOUS_MOVES = YES;
				CLANG_WARN_UNREACHABLE_CODE = YES;
				CLANG_WARN__DUPLICATE_METHOD_MATCH = YES;
				"CODE_SIGN_IDENTITY[sdk=iphoneos*]" = "iPhone Developer";
				COPY_PHASE_STRIP = NO;
				DEBUG_INFORMATION_FORMAT = dwarf;
				ENABLE_STRICT_OBJC_MSGSEND = YES;
				ENABLE_TESTABILITY = YES;
				GCC_C_LANGUAGE_STANDARD = gnu99;
				GCC_DYNAMIC_NO_PIC = NO;
				GCC_NO_COMMON_BLOCKS = YES;
				GCC_OPTIMIZATION_LEVEL = 0;
				GCC_PREPROCESSOR_DEFINITIONS = (
					"DEBUG=1",
					"$(inherited)",
				);
				GCC_WARN_64_TO_32_BIT_CONVERSION = YES;
				GCC_WARN_ABOUT_RETURN_TYPE = YES_ERROR;
				GCC_WARN_UNDECLARED_SELECTOR = YES;
				GCC_WARN_UNINITIALIZED_AUTOS = YES_AGGRESSIVE;
				GCC_WARN_UNUSED_FUNCTION = YES;
				GCC_WARN_UNUSED_VARIABLE = YES;
				IPHONEOS_DEPLOYMENT_TARGET = 10.0;
				MTL_ENABLE_DEBUG_INFO = YES;
				ONLY_ACTIVE_ARCH = YES;
				SDKROOT = iphoneos;
				SWIFT_ACTIVE_COMPILATION_CONDITIONS = DEBUG;
				SWIFT_OPTIMIZATION_LEVEL = "-Onone";
				TARGETED_DEVICE_FAMILY = "1,2";
			};
			name = Debug;
		};
		706101941E207A1A00924B33 /* Release */ = {
			isa = XCBuildConfiguration;
			buildSettings = {
				ALWAYS_SEARCH_USER_PATHS = NO;
				CLANG_ANALYZER_NONNULL = YES;
				CLANG_CXX_LANGUAGE_STANDARD = "gnu++0x";
				CLANG_CXX_LIBRARY = "libc++";
				CLANG_ENABLE_MODULES = YES;
				CLANG_ENABLE_OBJC_ARC = YES;
				CLANG_WARN_BOOL_CONVERSION = YES;
				CLANG_WARN_CONSTANT_CONVERSION = YES;
				CLANG_WARN_DIRECT_OBJC_ISA_USAGE = YES_ERROR;
				CLANG_WARN_DOCUMENTATION_COMMENTS = YES;
				CLANG_WARN_EMPTY_BODY = YES;
				CLANG_WARN_ENUM_CONVERSION = YES;
				CLANG_WARN_INFINITE_RECURSION = YES;
				CLANG_WARN_INT_CONVERSION = YES;
				CLANG_WARN_OBJC_ROOT_CLASS = YES_ERROR;
				CLANG_WARN_SUSPICIOUS_MOVES = YES;
				CLANG_WARN_UNREACHABLE_CODE = YES;
				CLANG_WARN__DUPLICATE_METHOD_MATCH = YES;
				"CODE_SIGN_IDENTITY[sdk=iphoneos*]" = "iPhone Developer";
				COPY_PHASE_STRIP = NO;
				DEBUG_INFORMATION_FORMAT = "dwarf-with-dsym";
				ENABLE_NS_ASSERTIONS = NO;
				ENABLE_STRICT_OBJC_MSGSEND = YES;
				GCC_C_LANGUAGE_STANDARD = gnu99;
				GCC_NO_COMMON_BLOCKS = YES;
				GCC_WARN_64_TO_32_BIT_CONVERSION = YES;
				GCC_WARN_ABOUT_RETURN_TYPE = YES_ERROR;
				GCC_WARN_UNDECLARED_SELECTOR = YES;
				GCC_WARN_UNINITIALIZED_AUTOS = YES_AGGRESSIVE;
				GCC_WARN_UNUSED_FUNCTION = YES;
				GCC_WARN_UNUSED_VARIABLE = YES;
				IPHONEOS_DEPLOYMENT_TARGET = 10.0;
				MTL_ENABLE_DEBUG_INFO = NO;
				SDKROOT = iphoneos;
				SWIFT_OPTIMIZATION_LEVEL = "-Owholemodule";
				TARGETED_DEVICE_FAMILY = "1,2";
				VALIDATE_PRODUCT = YES;
			};
			name = Release;
		};
		706101961E207A1A00924B33 /* Debug */ = {
			isa = XCBuildConfiguration;
			baseConfigurationReference = 153C6A3E75F3DFEC50F5564E /* Pods-Social.debug.xcconfig */;
			buildSettings = {
				ASSETCATALOG_COMPILER_APPICON_NAME = AppIcon;
				DEVELOPMENT_TEAM = HZHJYREN7K;
				INFOPLIST_FILE = Social/Info.plist;
				LD_RUNPATH_SEARCH_PATHS = "$(inherited) @executable_path/Frameworks";
				PRODUCT_BUNDLE_IDENTIFIER = com.scoutenterprises.Social;
				PRODUCT_NAME = "$(TARGET_NAME)";
				SWIFT_VERSION = 3.0;
			};
			name = Debug;
		};
		706101971E207A1A00924B33 /* Release */ = {
			isa = XCBuildConfiguration;
			baseConfigurationReference = 8DA9232DA583FACB98EB5AA0 /* Pods-Social.release.xcconfig */;
			buildSettings = {
				ASSETCATALOG_COMPILER_APPICON_NAME = AppIcon;
				DEVELOPMENT_TEAM = HZHJYREN7K;
				INFOPLIST_FILE = Social/Info.plist;
				LD_RUNPATH_SEARCH_PATHS = "$(inherited) @executable_path/Frameworks";
				PRODUCT_BUNDLE_IDENTIFIER = com.scoutenterprises.Social;
				PRODUCT_NAME = "$(TARGET_NAME)";
				SWIFT_VERSION = 3.0;
			};
			name = Release;
		};
/* End XCBuildConfiguration section */

/* Begin XCConfigurationList section */
		7061017E1E207A1A00924B33 /* Build configuration list for PBXProject "Social" */ = {
			isa = XCConfigurationList;
			buildConfigurations = (
				706101931E207A1A00924B33 /* Debug */,
				706101941E207A1A00924B33 /* Release */,
			);
			defaultConfigurationIsVisible = 0;
			defaultConfigurationName = Release;
		};
		706101951E207A1A00924B33 /* Build configuration list for PBXNativeTarget "Social" */ = {
			isa = XCConfigurationList;
			buildConfigurations = (
				706101961E207A1A00924B33 /* Debug */,
				706101971E207A1A00924B33 /* Release */,
			);
			defaultConfigurationIsVisible = 0;
			defaultConfigurationName = Release;
		};
/* End XCConfigurationList section */
	};
	rootObject = 7061017B1E207A1A00924B33 /* Project object */;
}
